
Microsoft Visual Studio Solution File, Format Version 12.00
Project("{FAE04EC0-301F-11D3-BF4B-00C04F79EFBC}") = "AutomapperVsMapperly", "AutomapperVsMapperly\AutomapperVsMapperly.csproj", "{139EEC44-A9F6-476F-AB58-28B812294FDA}"
EndProject
Global
	GlobalSection(SolutionConfigurationPlatforms) = preSolution
		Debug|Any CPU = Debug|Any CPU
		Release|Any CPU = Release|Any CPU
	EndGlobalSection
	GlobalSection(ProjectConfigurationPlatforms) = postSolution
		{139EEC44-A9F6-476F-AB58-28B812294FDA}.Debug|Any CPU.ActiveCfg = Debug|Any CPU
		{139EEC44-A9F6-476F-AB58-28B812294FDA}.Debug|Any CPU.Build.0 = Debug|Any CPU
		{139EEC44-A9F6-476F-AB58-28B812294FDA}.Release|Any CPU.ActiveCfg = Release|Any CPU
		{139EEC44-A9F6-476F-AB58-28B812294FDA}.Release|Any CPU.Build.0 = Release|Any CPU
	EndGlobalSection
EndGlobal
